<?xml version="1.0" encoding="utf-8"?>
<Project ToolsVersion="4.0" xmlns="http://schemas.microsoft.com/developer/msbuild/2003">
  <ItemGroup>
    <Filter Include="Source Files">
      <UniqueIdentifier>{4FC737F1-C7A5-4376-A066-2A32D752A2FF}</UniqueIdentifier>
      <Extensions>cpp;c;cc;cxx;def;odl;idl;hpj;bat;asm;asmx</Extensions>
    </Filter>
    <Filter Include="Header Files">
      <UniqueIdentifier>{93995380-89BD-4b04-88EB-625FBE52EBFB}</UniqueIdentifier>
      <Extensions>h;hh;hpp;hxx;hm;inl;inc;xsd</Extensions>
    </Filter>
    <Filter Include="Resource Files">
      <UniqueIdentifier>{D9D6E242-F8AF-46E4-B9FD-80ECBC20BA3E}</UniqueIdentifier>
      <Extensions>qrc;*</Extensions>
      <ParseFiles>false</ParseFiles>
    </Filter>
    <Filter Include="Form Files">
      <UniqueIdentifier>{99349809-55BA-4b9d-BF79-8FDBB0286EB3}</UniqueIdentifier>
      <Extensions>ui</Extensions>
    </Filter>
    <Filter Include="Resource Files">
      <UniqueIdentifier>{D9D6E242-F8AF-46E4-B9FD-80ECBC20BA3E}</UniqueIdentifier>
      <Extensions>qrc;*</Extensions>
      <ParseFiles>false</ParseFiles>
    </Filter>
    <Filter Include="ToolWnds">
      <UniqueIdentifier>{a6befecb-0b19-4aa3-b352-32bcd48b5bcb}</UniqueIdentifier>
    </Filter>
    <Filter Include="Singletone">
      <UniqueIdentifier>{8f1421a6-5556-4918-bba0-a50821099c87}</UniqueIdentifier>
    </Filter>
  </ItemGroup>
  <ItemGroup>
    <ClCompile Include="main.cpp">
      <Filter>Source Files</Filter>
    </ClCompile>
    <ClCompile Include="ToolBox.cpp">
      <Filter>Source Files</Filter>
    </ClCompile>
    <ClCompile Include="BaseWnd.cpp">
      <Filter>Source Files</Filter>
    </ClCompile>
    <ClCompile Include="TitleBar.cpp">
      <Filter>Source Files</Filter>
    </ClCompile>
    <ClCompile Include="BaseDlg.cpp">
      <Filter>Source Files</Filter>
    </ClCompile>
    <ClCompile Include="QtTimestampWnd.cpp">
      <Filter>ToolWnds</Filter>
    </ClCompile>
    <ClCompile Include="QtGuiClass.cpp">
      <Filter>Source Files</Filter>
    </ClCompile>
    <ClCompile Include="ToolBoxLogicMgr.cpp">
      <Filter>Singletone</Filter>
    </ClCompile>
    <ClCompile Include="PluginMgr.cpp">
      <Filter>Singletone</Filter>
    </ClCompile>
  </ItemGroup>
  <ItemGroup>
    <QtMoc Include="ToolBox.h">
      <Filter>Header Files</Filter>
    </QtMoc>
    <QtMoc Include="QtTimestampWnd.h">
      <Filter>Header Files</Filter>
    </QtMoc>
    <QtMoc Include="BaseWnd.h">
      <Filter>Header Files</Filter>
    </QtMoc>
    <QtMoc Include="TitleBar.h">
      <Filter>Header Files</Filter>
    </QtMoc>
    <QtMoc Include="BaseDlg.h">
      <Filter>Header Files</Filter>
    </QtMoc>
    <QtMoc Include="QtGuiClass.h">
      <Filter>Header Files</Filter>
    </QtMoc>
  </ItemGroup>
  <ItemGroup>
    <QtRcc Include="ToolBox.qrc">
      <Filter>Resource Files</Filter>
    </QtRcc>
  </ItemGroup>
  <ItemGroup>
    <ClInclude Include="LocalDefine.h">
      <Filter>Header Files</Filter>
    </ClInclude>
    <ClInclude Include="ToolBoxLogicMgr.h">
      <Filter>Singletone</Filter>
    </ClInclude>
    <ClInclude Include="PluginMgr.h">
      <Filter>Singletone</Filter>
    </ClInclude>
  </ItemGroup>
  <ItemGroup>
    <None Include="Resources\ToolBox.qss" />
  </ItemGroup>
  <ItemGroup>
    <QtUic Include="QtGuiClass.ui">
      <Filter>Form Files</Filter>
    </QtUic>
  </ItemGroup>
</Project>